{
  "name": "js-image-generator",
  "version": "1.0.0",
  "lockfileVersion": 3,
  "requires": true,
  "packages": {
    "": {
      "name": "js-image-generator",
      "version": "1.0.0",
      "license": "ISC",
      "dependencies": {
        "js-image-generator": "^1.0.4"
      },
      "devDependencies": {
        "@types/node": "^20.14.10"
      }
    },
    "node_js-image-generator/@types/node": {
      "version": "20.14.10",
      "resolved": "https://registry.npmjs.org/@types/node/-/node-20.14.10.tgz",
      "integrity": "sha512-MdiXf+nDuMvY0gJKxyfZ7/6UFsETO7mGKF54MVD/ekJS6HdFtpZFBgrh6Pseu64XTb2MLyFPlbW6hj8HYRQNOQ==",
      "dev": true,
      "dependencies": {
        "undici-types": "~5.26.4"
      }
    },
    "node_js-image-generator/jpeg-js": {
      "version": "0.4.4",
      "resolved": "https://registry.npmjs.org/jpeg-js/-/jpeg-js-0.4.4.tgz",
      "integrity": "sha512-WZzeDOEtTOBK4Mdsar0IqEU5sMr3vSV2RqkAIzUEV2BHnUfKGyswWFPFwK5EeDo93K3FohSHbLAjj0s1Wzd+dg=="
    },
    "node_js-image-generator/js-image-generator": {
      "version": "1.0.4",
      "resolved": "https://registry.npmjs.org/js-image-generator/-/js-image-generator-1.0.4.tgz",
      "integrity": "sha512-ckb7kyVojGAnArouVR+5lBIuwU1fcrn7E/YYSd0FK7oIngAkMmRvHASLro9Zt5SQdWToaI66NybG+OGxPw/HlQ==",
      "dependencies": {
        "jpeg-js": "^0.4.2"
      }
    },
    "node_js-image-generator/undici-types": {
      "version": "5.26.5",
      "resolved": "https://registry.npmjs.org/undici-types/-/undici-types-5.26.5.tgz",
      "integrity": "sha512-JlCMO+ehdEIKqlFxk6IfVoAUVmgz7cU7zD/h9XZ0qzeosSHmUJVOzSQvvYSYWXkFXC+IfLKSIffhv0sVZup6pA==",
      "dev": true
    }
  }
}
